
Microsoft Visual Studio Solution File, Format Version 12.00
# Visual Studio Version 17
VisualStudioVersion = 17.11.35327.3
MinimumVisualStudioVersion = 10.0.40219.1
Project("{9A19103F-16F7-4668-BE54-9A1E7A4F7556}") = "LikeCord", "LikeCord\LikeCord.csproj", "{49A38AD6-9ADC-4FC4-9C33-3D6F9D28B987}"
EndProject
Global
	GlobalSection(SolutionConfigurationPlatforms) = preSolution
		Debug|Any CPU = Debug|Any CPU
		Release|Any CPU = Release|Any CPU
	EndGlobalSection
	GlobalSection(ProjectConfigurationPlatforms) = postSolution
		{49A38AD6-9ADC-4FC4-9C33-3D6F9D28B987}.Debug|Any CPU.ActiveCfg = Debug|Any CPU
		{49A38AD6-9ADC-4FC4-9C33-3D6F9D28B987}.Debug|Any CPU.Build.0 = Debug|Any CPU
		{49A38AD6-9ADC-4FC4-9C33-3D6F9D28B987}.Debug|Any CPU.Deploy.0 = Debug|Any CPU
		{49A38AD6-9ADC-4FC4-9C33-3D6F9D28B987}.Release|Any CPU.ActiveCfg = Release|Any CPU
		{49A38AD6-9ADC-4FC4-9C33-3D6F9D28B987}.Release|Any CPU.Build.0 = Release|Any CPU
		{49A38AD6-9ADC-4FC4-9C33-3D6F9D28B987}.Release|Any CPU.Deploy.0 = Release|Any CPU
	EndGlobalSection
	GlobalSection(SolutionProperties) = preSolution
		HideSolutionNode = FALSE
	EndGlobalSection
	GlobalSection(ExtensibilityGlobals) = postSolution
		SolutionGuid = {D717A663-0734-4994-B4FC-5CF7113BAE98}
	EndGlobalSection
EndGlobal
